
Microsoft Visual Studio Solution File, Format Version 12.00
Project("{FAE04EC0-301F-11D3-BF4B-00C04F79EFBC}") = "la-mia-pizzeria-static", "la-mia-pizzeria-static.csproj", "{91E2E921-EDA2-4312-AF7A-55FD5222253C}"
EndProject
Global
	GlobalSection(SolutionConfigurationPlatforms) = preSolution
		Debug|Any CPU = Debug|Any CPU
		Release|Any CPU = Release|Any CPU
	EndGlobalSection
	GlobalSection(ProjectConfigurationPlatforms) = postSolution
		{91E2E921-EDA2-4312-AF7A-55FD5222253C}.Debug|Any CPU.ActiveCfg = Debug|Any CPU
		{91E2E921-EDA2-4312-AF7A-55FD5222253C}.Debug|Any CPU.Build.0 = Debug|Any CPU
		{91E2E921-EDA2-4312-AF7A-55FD5222253C}.Release|Any CPU.ActiveCfg = Release|Any CPU
		{91E2E921-EDA2-4312-AF7A-55FD5222253C}.Release|Any CPU.Build.0 = Release|Any CPU
	EndGlobalSection
EndGlobal
